// !$*UTF8*$!
{
	archiveVersion = 1;
	classes = {
	};
	objectVersion = 56;
	objects = {

/* Begin PBXBuildFile section */
		D35F9DD529D09FEE0001CC68 /* ResponseToGetJSONDelegate.swift in Sources */ = {isa = PBXBuildFile; fileRef = D35F9DD429D09FEE0001CC68 /* ResponseToGetJSONDelegate.swift */; };
		D35F9DD929D0E3C20001CC68 /* PronosticoTableViewHeaderFooterView.xib in Resources */ = {isa = PBXBuildFile; fileRef = D35F9DD829D0E3C20001CC68 /* PronosticoTableViewHeaderFooterView.xib */; };
		D35F9DDF29D100D10001CC68 /* WeatherNowViewController.swift in Sources */ = {isa = PBXBuildFile; fileRef = D35F9DDE29D100D10001CC68 /* WeatherNowViewController.swift */; };
		D378B82C29CFEFD000EFDB08 /* PronosticoTableViewCell.swift in Sources */ = {isa = PBXBuildFile; fileRef = D378B82B29CFEFD000EFDB08 /* PronosticoTableViewCell.swift */; };
		D378B82F29CFF69200EFDB08 /* Localidad+CoreDataClass.swift in Sources */ = {isa = PBXBuildFile; fileRef = D378B82D29CFF69200EFDB08 /* Localidad+CoreDataClass.swift */; };
		D378B83029CFF69200EFDB08 /* Localidad+CoreDataProperties.swift in Sources */ = {isa = PBXBuildFile; fileRef = D378B82E29CFF69200EFDB08 /* Localidad+CoreDataProperties.swift */; };
		D378B83629D00BE300EFDB08 /* ConnectionURL.swift in Sources */ = {isa = PBXBuildFile; fileRef = D378B83529D00BE300EFDB08 /* ConnectionURL.swift */; };
		D378B83829D0304800EFDB08 /* WeatherForecastDataManager.swift in Sources */ = {isa = PBXBuildFile; fileRef = D378B83729D0304800EFDB08 /* WeatherForecastDataManager.swift */; };
		D3D9F85329CECF3700A4E6A0 /* AppDelegate.swift in Sources */ = {isa = PBXBuildFile; fileRef = D3D9F85229CECF3700A4E6A0 /* AppDelegate.swift */; };
		D3D9F85529CECF3700A4E6A0 /* SceneDelegate.swift in Sources */ = {isa = PBXBuildFile; fileRef = D3D9F85429CECF3700A4E6A0 /* SceneDelegate.swift */; };
		D3D9F85A29CECF3700A4E6A0 /* Main.storyboard in Resources */ = {isa = PBXBuildFile; fileRef = D3D9F85829CECF3700A4E6A0 /* Main.storyboard */; };
		D3D9F85D29CECF3700A4E6A0 /* DDM_ProyectoFinal_ONC_IOS.xcdatamodeld in Sources */ = {isa = PBXBuildFile; fileRef = D3D9F85B29CECF3700A4E6A0 /* DDM_ProyectoFinal_ONC_IOS.xcdatamodeld */; };
		D3D9F85F29CECF3900A4E6A0 /* Assets.xcassets in Resources */ = {isa = PBXBuildFile; fileRef = D3D9F85E29CECF3900A4E6A0 /* Assets.xcassets */; };
		D3D9F86229CECF3900A4E6A0 /* LaunchScreen.storyboard in Resources */ = {isa = PBXBuildFile; fileRef = D3D9F86029CECF3900A4E6A0 /* LaunchScreen.storyboard */; };
		D3D9F86B29CED1C000A4E6A0 /* Network.framework in Frameworks */ = {isa = PBXBuildFile; fileRef = D3D9F86A29CED1C000A4E6A0 /* Network.framework */; };
		D3D9F86E29CED5DC00A4E6A0 /* Helper.swift in Sources */ = {isa = PBXBuildFile; fileRef = D3D9F86D29CED5DC00A4E6A0 /* Helper.swift */; };
		D3D9F87329CED6BA00A4E6A0 /* Localizable.strings in Resources */ = {isa = PBXBuildFile; fileRef = D3D9F87229CED6BA00A4E6A0 /* Localizable.strings */; };
		D3D9F87629CED77700A4E6A0 /* MonitorRed.swift in Sources */ = {isa = PBXBuildFile; fileRef = D3D9F87529CED77700A4E6A0 /* MonitorRed.swift */; };
		D3D9F87C29CF555800A4E6A0 /* LocalicadesDataManager.swift in Sources */ = {isa = PBXBuildFile; fileRef = D3D9F87B29CF555800A4E6A0 /* LocalicadesDataManager.swift */; };
		D3D9F87E29CF59EA00A4E6A0 /* LocalidadesTableViewController.swift in Sources */ = {isa = PBXBuildFile; fileRef = D3D9F87D29CF59EA00A4E6A0 /* LocalidadesTableViewController.swift */; };
		D3D9F88029CF5A1400A4E6A0 /* PronosticoTableViewController.swift in Sources */ = {isa = PBXBuildFile; fileRef = D3D9F87F29CF5A1400A4E6A0 /* PronosticoTableViewController.swift */; };
		D3D9F88229CF5AF400A4E6A0 /* WeatherNowJSON.swift in Sources */ = {isa = PBXBuildFile; fileRef = D3D9F88129CF5AF400A4E6A0 /* WeatherNowJSON.swift */; };
		D3D9F88429CF5B3B00A4E6A0 /* WeatherPollutionNowJSON.swift in Sources */ = {isa = PBXBuildFile; fileRef = D3D9F88329CF5B3B00A4E6A0 /* WeatherPollutionNowJSON.swift */; };
		D3D9F88629CF5B8700A4E6A0 /* WeatherForecastJSON.swift in Sources */ = {isa = PBXBuildFile; fileRef = D3D9F88529CF5B8700A4E6A0 /* WeatherForecastJSON.swift */; };
		D3D9F88829CF5BCD00A4E6A0 /* WeatherForecastItem.swift in Sources */ = {isa = PBXBuildFile; fileRef = D3D9F88729CF5BCD00A4E6A0 /* WeatherForecastItem.swift */; };
		D3D9F88A29CF5D8D00A4E6A0 /* LocalidadDetalleViewController.swift in Sources */ = {isa = PBXBuildFile; fileRef = D3D9F88929CF5D8D00A4E6A0 /* LocalidadDetalleViewController.swift */; };
		D3D9F88E29CF795100A4E6A0 /* LocalidadTableViewCell.swift in Sources */ = {isa = PBXBuildFile; fileRef = D3D9F88D29CF795100A4E6A0 /* LocalidadTableViewCell.swift */; };
		D3D9F89129CF8F4C00A4E6A0 /* ic_sunny.png in Resources */ = {isa = PBXBuildFile; fileRef = D3D9F88F29CF8F4C00A4E6A0 /* ic_sunny.png */; };
		D3D9F89229CF8F4C00A4E6A0 /* playa_cielo_azul.png in Resources */ = {isa = PBXBuildFile; fileRef = D3D9F89029CF8F4C00A4E6A0 /* playa_cielo_azul.png */; };
		D3D9F8A629CF905000A4E6A0 /* ic_50n.png in Resources */ = {isa = PBXBuildFile; fileRef = D3D9F89329CF904F00A4E6A0 /* ic_50n.png */; };
		D3D9F8A729CF905000A4E6A0 /* ic_09n.png in Resources */ = {isa = PBXBuildFile; fileRef = D3D9F89429CF904F00A4E6A0 /* ic_09n.png */; };
		D3D9F8A829CF905000A4E6A0 /* ic_11n.png in Resources */ = {isa = PBXBuildFile; fileRef = D3D9F89529CF904F00A4E6A0 /* ic_11n.png */; };
		D3D9F8A929CF905000A4E6A0 /* ic_03n.png in Resources */ = {isa = PBXBuildFile; fileRef = D3D9F89629CF904F00A4E6A0 /* ic_03n.png */; };
		D3D9F8AA29CF905000A4E6A0 /* ic_13n.png in Resources */ = {isa = PBXBuildFile; fileRef = D3D9F89729CF904F00A4E6A0 /* ic_13n.png */; };
		D3D9F8AB29CF905000A4E6A0 /* ic_04n.png in Resources */ = {isa = PBXBuildFile; fileRef = D3D9F89829CF904F00A4E6A0 /* ic_04n.png */; };
		D3D9F8AC29CF905000A4E6A0 /* ic_13d.png in Resources */ = {isa = PBXBuildFile; fileRef = D3D9F89929CF904F00A4E6A0 /* ic_13d.png */; };
		D3D9F8AD29CF905000A4E6A0 /* ic_01d.png in Resources */ = {isa = PBXBuildFile; fileRef = D3D9F89A29CF904F00A4E6A0 /* ic_01d.png */; };
		D3D9F8AE29CF905000A4E6A0 /* ic_01n.png in Resources */ = {isa = PBXBuildFile; fileRef = D3D9F89B29CF904F00A4E6A0 /* ic_01n.png */; };
		D3D9F8AF29CF905000A4E6A0 /* ic_02n.png in Resources */ = {isa = PBXBuildFile; fileRef = D3D9F89C29CF904F00A4E6A0 /* ic_02n.png */; };
		D3D9F8B029CF905000A4E6A0 /* ic_10d.png in Resources */ = {isa = PBXBuildFile; fileRef = D3D9F89D29CF904F00A4E6A0 /* ic_10d.png */; };
		D3D9F8B129CF905000A4E6A0 /* ic_02d.png in Resources */ = {isa = PBXBuildFile; fileRef = D3D9F89E29CF904F00A4E6A0 /* ic_02d.png */; };
		D3D9F8B229CF905000A4E6A0 /* ic_50d.png in Resources */ = {isa = PBXBuildFile; fileRef = D3D9F89F29CF904F00A4E6A0 /* ic_50d.png */; };
		D3D9F8B329CF905000A4E6A0 /* ic_03d.png in Resources */ = {isa = PBXBuildFile; fileRef = D3D9F8A029CF904F00A4E6A0 /* ic_03d.png */; };
		D3D9F8B429CF905000A4E6A0 /* ic_10n.png in Resources */ = {isa = PBXBuildFile; fileRef = D3D9F8A129CF904F00A4E6A0 /* ic_10n.png */; };
		D3D9F8B529CF905000A4E6A0 /* ic_home_pin_icon.png in Resources */ = {isa = PBXBuildFile; fileRef = D3D9F8A229CF904F00A4E6A0 /* ic_home_pin_icon.png */; };
		D3D9F8B629CF905000A4E6A0 /* ic_google_maps.png in Resources */ = {isa = PBXBuildFile; fileRef = D3D9F8A329CF905000A4E6A0 /* ic_google_maps.png */; };
		D3D9F8B729CF905000A4E6A0 /* ic_04d.png in Resources */ = {isa = PBXBuildFile; fileRef = D3D9F8A429CF905000A4E6A0 /* ic_04d.png */; };
		D3D9F8B829CF905000A4E6A0 /* ic_11d.png in Resources */ = {isa = PBXBuildFile; fileRef = D3D9F8A529CF905000A4E6A0 /* ic_11d.png */; };
		D3EF1F6429D12F65008E6C24 /* WeatherNowDataManager.swift in Sources */ = {isa = PBXBuildFile; fileRef = D3EF1F6329D12F65008E6C24 /* WeatherNowDataManager.swift */; };
		D3EF1F6629D152CD008E6C24 /* WeatherPollutionDataManager.swift in Sources */ = {isa = PBXBuildFile; fileRef = D3EF1F6529D152CD008E6C24 /* WeatherPollutionDataManager.swift */; };
		D3EF1F6829D1634F008E6C24 /* WeatherPollutionViewController.swift in Sources */ = {isa = PBXBuildFile; fileRef = D3EF1F6729D1634F008E6C24 /* WeatherPollutionViewController.swift */; };
		D3EF1F6A29D1FC1E008E6C24 /* ListLocalidadesTableViewController.swift in Sources */ = {isa = PBXBuildFile; fileRef = D3EF1F6929D1FC1E008E6C24 /* ListLocalidadesTableViewController.swift */; };
		D3EF1F6C29D20A45008E6C24 /* ListLocalidadesTableViewCell.swift in Sources */ = {isa = PBXBuildFile; fileRef = D3EF1F6B29D20A45008E6C24 /* ListLocalidadesTableViewCell.swift */; };
		D3EF1F6E29D24867008E6C24 /* MapSearchViewController.swift in Sources */ = {isa = PBXBuildFile; fileRef = D3EF1F6D29D24867008E6C24 /* MapSearchViewController.swift */; };
		D3EF1F7129D254D1008E6C24 /* CoreLocationUI.framework in Frameworks */ = {isa = PBXBuildFile; fileRef = D3EF1F6F29D254D0008E6C24 /* CoreLocationUI.framework */; };
		D3EF1F7229D254D1008E6C24 /* CoreLocation.framework in Frameworks */ = {isa = PBXBuildFile; fileRef = D3EF1F7029D254D0008E6C24 /* CoreLocation.framework */; };
		D3EF1F7429D2B3D5008E6C24 /* UpdateDataDelegate.swift in Sources */ = {isa = PBXBuildFile; fileRef = D3EF1F7329D2B3D5008E6C24 /* UpdateDataDelegate.swift */; };
		D3EF1F8229D2C05E008E6C24 /* ic_face_0.png in Resources */ = {isa = PBXBuildFile; fileRef = D3EF1F8129D2C05D008E6C24 /* ic_face_0.png */; };
		D3EF1F8829D2D622008E6C24 /* ic_face_2.svg in Resources */ = {isa = PBXBuildFile; fileRef = D3EF1F8329D2D621008E6C24 /* ic_face_2.svg */; };
		D3EF1F8929D2D622008E6C24 /* ic_face_3.svg in Resources */ = {isa = PBXBuildFile; fileRef = D3EF1F8429D2D622008E6C24 /* ic_face_3.svg */; };
		D3EF1F8A29D2D622008E6C24 /* ic_face_1.svg in Resources */ = {isa = PBXBuildFile; fileRef = D3EF1F8529D2D622008E6C24 /* ic_face_1.svg */; };
		D3EF1F8B29D2D622008E6C24 /* ic_face_4.svg in Resources */ = {isa = PBXBuildFile; fileRef = D3EF1F8629D2D622008E6C24 /* ic_face_4.svg */; };
		D3EF1F8C29D2D622008E6C24 /* ic_face_5.svg in Resources */ = {isa = PBXBuildFile; fileRef = D3EF1F8729D2D622008E6C24 /* ic_face_5.svg */; };
		D3EF1F9129D2E380008E6C24 /* hologram.json in Resources */ = {isa = PBXBuildFile; fileRef = D3EF1F9029D2E380008E6C24 /* hologram.json */; };
/* End PBXBuildFile section */

/* Begin PBXFileReference section */
		D35F9DD429D09FEE0001CC68 /* ResponseToGetJSONDelegate.swift */ = {isa = PBXFileReference; lastKnownFileType = sourcecode.swift; path = ResponseToGetJSONDelegate.swift; sourceTree = "<group>"; };
		D35F9DD829D0E3C20001CC68 /* PronosticoTableViewHeaderFooterView.xib */ = {isa = PBXFileReference; lastKnownFileType = file.xib; path = PronosticoTableViewHeaderFooterView.xib; sourceTree = "<group>"; };
		D35F9DDE29D100D10001CC68 /* WeatherNowViewController.swift */ = {isa = PBXFileReference; lastKnownFileType = sourcecode.swift; path = WeatherNowViewController.swift; sourceTree = "<group>"; };
		D378B82B29CFEFD000EFDB08 /* PronosticoTableViewCell.swift */ = {isa = PBXFileReference; lastKnownFileType = sourcecode.swift; path = PronosticoTableViewCell.swift; sourceTree = "<group>"; };
		D378B82D29CFF69200EFDB08 /* Localidad+CoreDataClass.swift */ = {isa = PBXFileReference; lastKnownFileType = sourcecode.swift; path = "Localidad+CoreDataClass.swift"; sourceTree = "<group>"; };
		D378B82E29CFF69200EFDB08 /* Localidad+CoreDataProperties.swift */ = {isa = PBXFileReference; lastKnownFileType = sourcecode.swift; path = "Localidad+CoreDataProperties.swift"; sourceTree = "<group>"; };
		D378B83529D00BE300EFDB08 /* ConnectionURL.swift */ = {isa = PBXFileReference; lastKnownFileType = sourcecode.swift; path = ConnectionURL.swift; sourceTree = "<group>"; };
		D378B83729D0304800EFDB08 /* WeatherForecastDataManager.swift */ = {isa = PBXFileReference; lastKnownFileType = sourcecode.swift; path = WeatherForecastDataManager.swift; sourceTree = "<group>"; };
		D3D9F84F29CECF3700A4E6A0 /* DDM_ProyectoFinal_ONC_IOS.app */ = {isa = PBXFileReference; explicitFileType = wrapper.application; includeInIndex = 0; path = DDM_ProyectoFinal_ONC_IOS.app; sourceTree = BUILT_PRODUCTS_DIR; };
		D3D9F85229CECF3700A4E6A0 /* AppDelegate.swift */ = {isa = PBXFileReference; lastKnownFileType = sourcecode.swift; path = AppDelegate.swift; sourceTree = "<group>"; };
		D3D9F85429CECF3700A4E6A0 /* SceneDelegate.swift */ = {isa = PBXFileReference; lastKnownFileType = sourcecode.swift; path = SceneDelegate.swift; sourceTree = "<group>"; };
		D3D9F85929CECF3700A4E6A0 /* Base */ = {isa = PBXFileReference; lastKnownFileType = file.storyboard; name = Base; path = Base.lproj/Main.storyboard; sourceTree = "<group>"; };
		D3D9F85C29CECF3700A4E6A0 /* DDM_ProyectoFinal_ONC_IOS.xcdatamodel */ = {isa = PBXFileReference; lastKnownFileType = wrapper.xcdatamodel; path = DDM_ProyectoFinal_ONC_IOS.xcdatamodel; sourceTree = "<group>"; };
		D3D9F85E29CECF3900A4E6A0 /* Assets.xcassets */ = {isa = PBXFileReference; lastKnownFileType = folder.assetcatalog; path = Assets.xcassets; sourceTree = "<group>"; };
		D3D9F86129CECF3900A4E6A0 /* Base */ = {isa = PBXFileReference; lastKnownFileType = file.storyboard; name = Base; path = Base.lproj/LaunchScreen.storyboard; sourceTree = "<group>"; };
		D3D9F86329CECF3900A4E6A0 /* Info.plist */ = {isa = PBXFileReference; lastKnownFileType = text.plist.xml; path = Info.plist; sourceTree = "<group>"; };
		D3D9F86A29CED1C000A4E6A0 /* Network.framework */ = {isa = PBXFileReference; lastKnownFileType = wrapper.framework; name = Network.framework; path = System/Library/Frameworks/Network.framework; sourceTree = SDKROOT; };
		D3D9F86D29CED5DC00A4E6A0 /* Helper.swift */ = {isa = PBXFileReference; lastKnownFileType = sourcecode.swift; path = Helper.swift; sourceTree = "<group>"; };
		D3D9F87229CED6BA00A4E6A0 /* Localizable.strings */ = {isa = PBXFileReference; lastKnownFileType = text.plist.strings; path = Localizable.strings; sourceTree = "<group>"; };
		D3D9F87529CED77700A4E6A0 /* MonitorRed.swift */ = {isa = PBXFileReference; lastKnownFileType = sourcecode.swift; path = MonitorRed.swift; sourceTree = "<group>"; };
		D3D9F87B29CF555800A4E6A0 /* LocalicadesDataManager.swift */ = {isa = PBXFileReference; lastKnownFileType = sourcecode.swift; path = LocalicadesDataManager.swift; sourceTree = "<group>"; };
		D3D9F87D29CF59EA00A4E6A0 /* LocalidadesTableViewController.swift */ = {isa = PBXFileReference; lastKnownFileType = sourcecode.swift; path = LocalidadesTableViewController.swift; sourceTree = "<group>"; };
		D3D9F87F29CF5A1400A4E6A0 /* PronosticoTableViewController.swift */ = {isa = PBXFileReference; lastKnownFileType = sourcecode.swift; path = PronosticoTableViewController.swift; sourceTree = "<group>"; };
		D3D9F88129CF5AF400A4E6A0 /* WeatherNowJSON.swift */ = {isa = PBXFileReference; lastKnownFileType = sourcecode.swift; path = WeatherNowJSON.swift; sourceTree = "<group>"; };
		D3D9F88329CF5B3B00A4E6A0 /* WeatherPollutionNowJSON.swift */ = {isa = PBXFileReference; lastKnownFileType = sourcecode.swift; path = WeatherPollutionNowJSON.swift; sourceTree = "<group>"; };
		D3D9F88529CF5B8700A4E6A0 /* WeatherForecastJSON.swift */ = {isa = PBXFileReference; lastKnownFileType = sourcecode.swift; path = WeatherForecastJSON.swift; sourceTree = "<group>"; };
		D3D9F88729CF5BCD00A4E6A0 /* WeatherForecastItem.swift */ = {isa = PBXFileReference; lastKnownFileType = sourcecode.swift; path = WeatherForecastItem.swift; sourceTree = "<group>"; };
		D3D9F88929CF5D8D00A4E6A0 /* LocalidadDetalleViewController.swift */ = {isa = PBXFileReference; lastKnownFileType = sourcecode.swift; path = LocalidadDetalleViewController.swift; sourceTree = "<group>"; };
		D3D9F88D29CF795100A4E6A0 /* LocalidadTableViewCell.swift */ = {isa = PBXFileReference; lastKnownFileType = sourcecode.swift; path = LocalidadTableViewCell.swift; sourceTree = "<group>"; };
		D3D9F88F29CF8F4C00A4E6A0 /* ic_sunny.png */ = {isa = PBXFileReference; lastKnownFileType = image.png; path = ic_sunny.png; sourceTree = "<group>"; };
		D3D9F89029CF8F4C00A4E6A0 /* playa_cielo_azul.png */ = {isa = PBXFileReference; lastKnownFileType = image.png; path = playa_cielo_azul.png; sourceTree = "<group>"; };
		D3D9F89329CF904F00A4E6A0 /* ic_50n.png */ = {isa = PBXFileReference; lastKnownFileType = image.png; path = ic_50n.png; sourceTree = "<group>"; };
		D3D9F89429CF904F00A4E6A0 /* ic_09n.png */ = {isa = PBXFileReference; lastKnownFileType = image.png; path = ic_09n.png; sourceTree = "<group>"; };
		D3D9F89529CF904F00A4E6A0 /* ic_11n.png */ = {isa = PBXFileReference; lastKnownFileType = image.png; path = ic_11n.png; sourceTree = "<group>"; };
		D3D9F89629CF904F00A4E6A0 /* ic_03n.png */ = {isa = PBXFileReference; lastKnownFileType = image.png; path = ic_03n.png; sourceTree = "<group>"; };
		D3D9F89729CF904F00A4E6A0 /* ic_13n.png */ = {isa = PBXFileReference; lastKnownFileType = image.png; path = ic_13n.png; sourceTree = "<group>"; };
		D3D9F89829CF904F00A4E6A0 /* ic_04n.png */ = {isa = PBXFileReference; lastKnownFileType = image.png; path = ic_04n.png; sourceTree = "<group>"; };
		D3D9F89929CF904F00A4E6A0 /* ic_13d.png */ = {isa = PBXFileReference; lastKnownFileType = image.png; path = ic_13d.png; sourceTree = "<group>"; };
		D3D9F89A29CF904F00A4E6A0 /* ic_01d.png */ = {isa = PBXFileReference; lastKnownFileType = image.png; path = ic_01d.png; sourceTree = "<group>"; };
		D3D9F89B29CF904F00A4E6A0 /* ic_01n.png */ = {isa = PBXFileReference; lastKnownFileType = image.png; path = ic_01n.png; sourceTree = "<group>"; };
		D3D9F89C29CF904F00A4E6A0 /* ic_02n.png */ = {isa = PBXFileReference; lastKnownFileType = image.png; path = ic_02n.png; sourceTree = "<group>"; };
		D3D9F89D29CF904F00A4E6A0 /* ic_10d.png */ = {isa = PBXFileReference; lastKnownFileType = image.png; path = ic_10d.png; sourceTree = "<group>"; };
		D3D9F89E29CF904F00A4E6A0 /* ic_02d.png */ = {isa = PBXFileReference; lastKnownFileType = image.png; path = ic_02d.png; sourceTree = "<group>"; };
		D3D9F89F29CF904F00A4E6A0 /* ic_50d.png */ = {isa = PBXFileReference; lastKnownFileType = image.png; path = ic_50d.png; sourceTree = "<group>"; };
		D3D9F8A029CF904F00A4E6A0 /* ic_03d.png */ = {isa = PBXFileReference; lastKnownFileType = image.png; path = ic_03d.png; sourceTree = "<group>"; };
		D3D9F8A129CF904F00A4E6A0 /* ic_10n.png */ = {isa = PBXFileReference; lastKnownFileType = image.png; path = ic_10n.png; sourceTree = "<group>"; };
		D3D9F8A229CF904F00A4E6A0 /* ic_home_pin_icon.png */ = {isa = PBXFileReference; lastKnownFileType = image.png; path = ic_home_pin_icon.png; sourceTree = "<group>"; };
		D3D9F8A329CF905000A4E6A0 /* ic_google_maps.png */ = {isa = PBXFileReference; lastKnownFileType = image.png; path = ic_google_maps.png; sourceTree = "<group>"; };
		D3D9F8A429CF905000A4E6A0 /* ic_04d.png */ = {isa = PBXFileReference; lastKnownFileType = image.png; path = ic_04d.png; sourceTree = "<group>"; };
		D3D9F8A529CF905000A4E6A0 /* ic_11d.png */ = {isa = PBXFileReference; lastKnownFileType = image.png; path = ic_11d.png; sourceTree = "<group>"; };
		D3EF1F6329D12F65008E6C24 /* WeatherNowDataManager.swift */ = {isa = PBXFileReference; lastKnownFileType = sourcecode.swift; path = WeatherNowDataManager.swift; sourceTree = "<group>"; };
		D3EF1F6529D152CD008E6C24 /* WeatherPollutionDataManager.swift */ = {isa = PBXFileReference; lastKnownFileType = sourcecode.swift; path = WeatherPollutionDataManager.swift; sourceTree = "<group>"; };
		D3EF1F6729D1634F008E6C24 /* WeatherPollutionViewController.swift */ = {isa = PBXFileReference; lastKnownFileType = sourcecode.swift; path = WeatherPollutionViewController.swift; sourceTree = "<group>"; };
		D3EF1F6929D1FC1E008E6C24 /* ListLocalidadesTableViewController.swift */ = {isa = PBXFileReference; lastKnownFileType = sourcecode.swift; path = ListLocalidadesTableViewController.swift; sourceTree = "<group>"; };
		D3EF1F6B29D20A45008E6C24 /* ListLocalidadesTableViewCell.swift */ = {isa = PBXFileReference; lastKnownFileType = sourcecode.swift; path = ListLocalidadesTableViewCell.swift; sourceTree = "<group>"; };
		D3EF1F6D29D24867008E6C24 /* MapSearchViewController.swift */ = {isa = PBXFileReference; lastKnownFileType = sourcecode.swift; path = MapSearchViewController.swift; sourceTree = "<group>"; };
		D3EF1F6F29D254D0008E6C24 /* CoreLocationUI.framework */ = {isa = PBXFileReference; lastKnownFileType = wrapper.framework; name = CoreLocationUI.framework; path = System/Library/Frameworks/CoreLocationUI.framework; sourceTree = SDKROOT; };
		D3EF1F7029D254D0008E6C24 /* CoreLocation.framework */ = {isa = PBXFileReference; lastKnownFileType = wrapper.framework; name = CoreLocation.framework; path = System/Library/Frameworks/CoreLocation.framework; sourceTree = SDKROOT; };
		D3EF1F7329D2B3D5008E6C24 /* UpdateDataDelegate.swift */ = {isa = PBXFileReference; lastKnownFileType = sourcecode.swift; path = UpdateDataDelegate.swift; sourceTree = "<group>"; };
		D3EF1F8129D2C05D008E6C24 /* ic_face_0.png */ = {isa = PBXFileReference; lastKnownFileType = image.png; path = ic_face_0.png; sourceTree = "<group>"; };
		D3EF1F8329D2D621008E6C24 /* ic_face_2.svg */ = {isa = PBXFileReference; fileEncoding = 4; lastKnownFileType = text; path = ic_face_2.svg; sourceTree = "<group>"; };
		D3EF1F8429D2D622008E6C24 /* ic_face_3.svg */ = {isa = PBXFileReference; fileEncoding = 4; lastKnownFileType = text; path = ic_face_3.svg; sourceTree = "<group>"; };
		D3EF1F8529D2D622008E6C24 /* ic_face_1.svg */ = {isa = PBXFileReference; fileEncoding = 4; lastKnownFileType = text; path = ic_face_1.svg; sourceTree = "<group>"; };
		D3EF1F8629D2D622008E6C24 /* ic_face_4.svg */ = {isa = PBXFileReference; fileEncoding = 4; lastKnownFileType = text; path = ic_face_4.svg; sourceTree = "<group>"; };
		D3EF1F8729D2D622008E6C24 /* ic_face_5.svg */ = {isa = PBXFileReference; fileEncoding = 4; lastKnownFileType = text; path = ic_face_5.svg; sourceTree = "<group>"; };
		D3EF1F9029D2E380008E6C24 /* hologram.json */ = {isa = PBXFileReference; fileEncoding = 4; lastKnownFileType = text.json; path = hologram.json; sourceTree = "<group>"; };
		D3EF1F9229D2E894008E6C24 /* es-419 */ = {isa = PBXFileReference; lastKnownFileType = text.plist.strings; name = "es-419"; path = "es-419.lproj/Main.strings"; sourceTree = "<group>"; };
		D3EF1F9329D2E894008E6C24 /* es-419 */ = {isa = PBXFileReference; lastKnownFileType = text.plist.strings; name = "es-419"; path = "es-419.lproj/LaunchScreen.strings"; sourceTree = "<group>"; };
		D3EF1F9529D2E8B6008E6C24 /* en */ = {isa = PBXFileReference; lastKnownFileType = text.plist.strings; name = en; path = en.lproj/Main.strings; sourceTree = "<group>"; };
/* End PBXFileReference section */

/* Begin PBXFrameworksBuildPhase section */
		D3D9F84C29CECF3700A4E6A0 /* Frameworks */ = {
			isa = PBXFrameworksBuildPhase;
			buildActionMask = 2147483647;
			files = (
				D3EF1F7229D254D1008E6C24 /* CoreLocation.framework in Frameworks */,
				D3EF1F7129D254D1008E6C24 /* CoreLocationUI.framework in Frameworks */,
				D3D9F86B29CED1C000A4E6A0 /* Network.framework in Frameworks */,
			);
			runOnlyForDeploymentPostprocessing = 0;
		};
/* End PBXFrameworksBuildPhase section */

/* Begin PBXGroup section */
		D378B83129CFF6BF00EFDB08 /* JSON_structures */ = {
			isa = PBXGroup;
			children = (
				D3D9F88129CF5AF400A4E6A0 /* WeatherNowJSON.swift */,
				D3D9F88329CF5B3B00A4E6A0 /* WeatherPollutionNowJSON.swift */,
				D3D9F88529CF5B8700A4E6A0 /* WeatherForecastJSON.swift */,
				D3D9F88729CF5BCD00A4E6A0 /* WeatherForecastItem.swift */,
				D378B83729D0304800EFDB08 /* WeatherForecastDataManager.swift */,
				D3EF1F6329D12F65008E6C24 /* WeatherNowDataManager.swift */,
				D3EF1F6529D152CD008E6C24 /* WeatherPollutionDataManager.swift */,
			);
			path = JSON_structures;
			sourceTree = "<group>";
		};
		D378B83229CFF6D900EFDB08 /* CoreData */ = {
			isa = PBXGroup;
			children = (
				D3D9F87B29CF555800A4E6A0 /* LocalicadesDataManager.swift */,
				D378B82D29CFF69200EFDB08 /* Localidad+CoreDataClass.swift */,
				D378B82E29CFF69200EFDB08 /* Localidad+CoreDataProperties.swift */,
			);
			path = CoreData;
			sourceTree = "<group>";
		};
		D3D9F84629CECF3700A4E6A0 = {
			isa = PBXGroup;
			children = (
				D3D9F85129CECF3700A4E6A0 /* DDM_ProyectoFinal_ONC_IOS */,
				D3D9F85029CECF3700A4E6A0 /* Products */,
				D3D9F86929CED1BF00A4E6A0 /* Frameworks */,
			);
			sourceTree = "<group>";
		};
		D3D9F85029CECF3700A4E6A0 /* Products */ = {
			isa = PBXGroup;
			children = (
				D3D9F84F29CECF3700A4E6A0 /* DDM_ProyectoFinal_ONC_IOS.app */,
			);
			name = Products;
			sourceTree = "<group>";
		};
		D3D9F85129CECF3700A4E6A0 /* DDM_ProyectoFinal_ONC_IOS */ = {
			isa = PBXGroup;
			children = (
				D3EF1F7629D2B4C6008E6C24 /* Protocol */,
				D3D9F86C29CED5A900A4E6A0 /* Helper */,
				D3D9F88C29CF78B000A4E6A0 /* Controller */,
				D3D9F88B29CF789400A4E6A0 /* View */,
				D3D9F87429CED75500A4E6A0 /* Utils */,
				D3D9F87129CED67C00A4E6A0 /* Localizable */,
				D3D9F87029CED63D00A4E6A0 /* Images */,
				D3D9F86F29CED62800A4E6A0 /* Model */,
				D3D9F85229CECF3700A4E6A0 /* AppDelegate.swift */,
				D3D9F85429CECF3700A4E6A0 /* SceneDelegate.swift */,
				D3D9F85829CECF3700A4E6A0 /* Main.storyboard */,
				D3D9F85E29CECF3900A4E6A0 /* Assets.xcassets */,
				D3D9F86029CECF3900A4E6A0 /* LaunchScreen.storyboard */,
				D3D9F86329CECF3900A4E6A0 /* Info.plist */,
				D3D9F85B29CECF3700A4E6A0 /* DDM_ProyectoFinal_ONC_IOS.xcdatamodeld */,
				D35F9DD829D0E3C20001CC68 /* PronosticoTableViewHeaderFooterView.xib */,
			);
			path = DDM_ProyectoFinal_ONC_IOS;
			sourceTree = "<group>";
		};
		D3D9F86929CED1BF00A4E6A0 /* Frameworks */ = {
			isa = PBXGroup;
			children = (
				D3EF1F7029D254D0008E6C24 /* CoreLocation.framework */,
				D3EF1F6F29D254D0008E6C24 /* CoreLocationUI.framework */,
				D3D9F86A29CED1C000A4E6A0 /* Network.framework */,
			);
			name = Frameworks;
			sourceTree = "<group>";
		};
		D3D9F86C29CED5A900A4E6A0 /* Helper */ = {
			isa = PBXGroup;
			children = (
				D3D9F86D29CED5DC00A4E6A0 /* Helper.swift */,
			);
			path = Helper;
			sourceTree = "<group>";
		};
		D3D9F86F29CED62800A4E6A0 /* Model */ = {
			isa = PBXGroup;
			children = (
				D378B83229CFF6D900EFDB08 /* CoreData */,
				D378B83129CFF6BF00EFDB08 /* JSON_structures */,
			);
			path = Model;
			sourceTree = "<group>";
		};
		D3D9F87029CED63D00A4E6A0 /* Images */ = {
			isa = PBXGroup;
			children = (
				D3EF1F9029D2E380008E6C24 /* hologram.json */,
				D3D9F89A29CF904F00A4E6A0 /* ic_01d.png */,
				D3D9F89B29CF904F00A4E6A0 /* ic_01n.png */,
				D3D9F89E29CF904F00A4E6A0 /* ic_02d.png */,
				D3D9F89C29CF904F00A4E6A0 /* ic_02n.png */,
				D3D9F8A029CF904F00A4E6A0 /* ic_03d.png */,
				D3D9F89629CF904F00A4E6A0 /* ic_03n.png */,
				D3D9F8A429CF905000A4E6A0 /* ic_04d.png */,
				D3D9F89829CF904F00A4E6A0 /* ic_04n.png */,
				D3D9F89429CF904F00A4E6A0 /* ic_09n.png */,
				D3D9F89D29CF904F00A4E6A0 /* ic_10d.png */,
				D3D9F8A129CF904F00A4E6A0 /* ic_10n.png */,
				D3D9F8A529CF905000A4E6A0 /* ic_11d.png */,
				D3D9F89529CF904F00A4E6A0 /* ic_11n.png */,
				D3D9F89929CF904F00A4E6A0 /* ic_13d.png */,
				D3D9F89729CF904F00A4E6A0 /* ic_13n.png */,
				D3D9F89F29CF904F00A4E6A0 /* ic_50d.png */,
				D3D9F89329CF904F00A4E6A0 /* ic_50n.png */,
				D3EF1F8529D2D622008E6C24 /* ic_face_1.svg */,
				D3EF1F8329D2D621008E6C24 /* ic_face_2.svg */,
				D3EF1F8429D2D622008E6C24 /* ic_face_3.svg */,
				D3EF1F8629D2D622008E6C24 /* ic_face_4.svg */,
				D3EF1F8729D2D622008E6C24 /* ic_face_5.svg */,
				D3EF1F8129D2C05D008E6C24 /* ic_face_0.png */,
				D3D9F8A329CF905000A4E6A0 /* ic_google_maps.png */,
				D3D9F8A229CF904F00A4E6A0 /* ic_home_pin_icon.png */,
				D3D9F88F29CF8F4C00A4E6A0 /* ic_sunny.png */,
				D3D9F89029CF8F4C00A4E6A0 /* playa_cielo_azul.png */,
			);
			path = Images;
			sourceTree = "<group>";
		};
		D3D9F87129CED67C00A4E6A0 /* Localizable */ = {
			isa = PBXGroup;
			children = (
				D3D9F87229CED6BA00A4E6A0 /* Localizable.strings */,
			);
			path = Localizable;
			sourceTree = "<group>";
		};
		D3D9F87429CED75500A4E6A0 /* Utils */ = {
			isa = PBXGroup;
			children = (
				D3D9F87529CED77700A4E6A0 /* MonitorRed.swift */,
				D378B83529D00BE300EFDB08 /* ConnectionURL.swift */,
			);
			path = Utils;
			sourceTree = "<group>";
		};
		D3D9F88B29CF789400A4E6A0 /* View */ = {
			isa = PBXGroup;
			children = (
				D3D9F88D29CF795100A4E6A0 /* LocalidadTableViewCell.swift */,
				D378B82B29CFEFD000EFDB08 /* PronosticoTableViewCell.swift */,
				D3EF1F6B29D20A45008E6C24 /* ListLocalidadesTableViewCell.swift */,
			);
			path = View;
			sourceTree = "<group>";
		};
		D3D9F88C29CF78B000A4E6A0 /* Controller */ = {
			isa = PBXGroup;
			children = (
				D3D9F87D29CF59EA00A4E6A0 /* LocalidadesTableViewController.swift */,
				D3D9F87F29CF5A1400A4E6A0 /* PronosticoTableViewController.swift */,
				D3D9F88929CF5D8D00A4E6A0 /* LocalidadDetalleViewController.swift */,
				D35F9DDE29D100D10001CC68 /* WeatherNowViewController.swift */,
				D3EF1F6729D1634F008E6C24 /* WeatherPollutionViewController.swift */,
				D3EF1F6929D1FC1E008E6C24 /* ListLocalidadesTableViewController.swift */,
				D3EF1F6D29D24867008E6C24 /* MapSearchViewController.swift */,
			);
			path = Controller;
			sourceTree = "<group>";
		};
		D3EF1F7629D2B4C6008E6C24 /* Protocol */ = {
			isa = PBXGroup;
			children = (
				D35F9DD429D09FEE0001CC68 /* ResponseToGetJSONDelegate.swift */,
				D3EF1F7329D2B3D5008E6C24 /* UpdateDataDelegate.swift */,
			);
			path = Protocol;
			sourceTree = "<group>";
		};
/* End PBXGroup section */

/* Begin PBXNativeTarget section */
		D3D9F84E29CECF3700A4E6A0 /* DDM_ProyectoFinal_ONC_IOS */ = {
			isa = PBXNativeTarget;
			buildConfigurationList = D3D9F86629CECF3900A4E6A0 /* Build configuration list for PBXNativeTarget "DDM_ProyectoFinal_ONC_IOS" */;
			buildPhases = (
				D3D9F84B29CECF3700A4E6A0 /* Sources */,
				D3D9F84C29CECF3700A4E6A0 /* Frameworks */,
				D3D9F84D29CECF3700A4E6A0 /* Resources */,
			);
			buildRules = (
			);
			dependencies = (
			);
			name = DDM_ProyectoFinal_ONC_IOS;
			packageProductDependencies = (
			);
			productName = DDM_ProyectoFinal_ONC_IOS;
			productReference = D3D9F84F29CECF3700A4E6A0 /* DDM_ProyectoFinal_ONC_IOS.app */;
			productType = "com.apple.product-type.application";
		};
/* End PBXNativeTarget section */

/* Begin PBXProject section */
		D3D9F84729CECF3700A4E6A0 /* Project object */ = {
			isa = PBXProject;
			attributes = {
				BuildIndependentTargetsInParallel = 1;
				LastSwiftUpdateCheck = 1420;
				LastUpgradeCheck = 1420;
				TargetAttributes = {
					D3D9F84E29CECF3700A4E6A0 = {
						CreatedOnToolsVersion = 14.2;
					};
				};
			};
			buildConfigurationList = D3D9F84A29CECF3700A4E6A0 /* Build configuration list for PBXProject "DDM_ProyectoFinal_ONC_IOS" */;
			compatibilityVersion = "Xcode 14.0";
			developmentRegion = en;
			hasScannedForEncodings = 0;
			knownRegions = (
				en,
				Base,
				"es-419",
			);
			mainGroup = D3D9F84629CECF3700A4E6A0;
			packageReferences = (
				D3EF1F8D29D2DEE2008E6C24 /* XCRemoteSwiftPackageReference "lottie-spm" */,
			);
			productRefGroup = D3D9F85029CECF3700A4E6A0 /* Products */;
			projectDirPath = "";
			projectRoot = "";
			targets = (
				D3D9F84E29CECF3700A4E6A0 /* DDM_ProyectoFinal_ONC_IOS */,
			);
		};
/* End PBXProject section */

/* Begin PBXResourcesBuildPhase section */
		D3D9F84D29CECF3700A4E6A0 /* Resources */ = {
			isa = PBXResourcesBuildPhase;
			buildActionMask = 2147483647;
			files = (
				D3D9F8AE29CF905000A4E6A0 /* ic_01n.png in Resources */,
				D3D9F8AA29CF905000A4E6A0 /* ic_13n.png in Resources */,
				D3D9F86229CECF3900A4E6A0 /* LaunchScreen.storyboard in Resources */,
				D3D9F8B529CF905000A4E6A0 /* ic_home_pin_icon.png in Resources */,
				D3D9F87329CED6BA00A4E6A0 /* Localizable.strings in Resources */,
				D3D9F89229CF8F4C00A4E6A0 /* playa_cielo_azul.png in Resources */,
				D3EF1F8829D2D622008E6C24 /* ic_face_2.svg in Resources */,
				D3D9F8AC29CF905000A4E6A0 /* ic_13d.png in Resources */,
				D3D9F8B029CF905000A4E6A0 /* ic_10d.png in Resources */,
				D3EF1F8229D2C05E008E6C24 /* ic_face_0.png in Resources */,
				D3D9F8AD29CF905000A4E6A0 /* ic_01d.png in Resources */,
				D3D9F8A829CF905000A4E6A0 /* ic_11n.png in Resources */,
				D3D9F8AF29CF905000A4E6A0 /* ic_02n.png in Resources */,
				D3D9F89129CF8F4C00A4E6A0 /* ic_sunny.png in Resources */,
				D3D9F8B429CF905000A4E6A0 /* ic_10n.png in Resources */,
				D3D9F8AB29CF905000A4E6A0 /* ic_04n.png in Resources */,
				D3D9F8B629CF905000A4E6A0 /* ic_google_maps.png in Resources */,
				D3D9F8B829CF905000A4E6A0 /* ic_11d.png in Resources */,
				D3D9F8A929CF905000A4E6A0 /* ic_03n.png in Resources */,
				D3D9F8B729CF905000A4E6A0 /* ic_04d.png in Resources */,
				D3D9F8B229CF905000A4E6A0 /* ic_50d.png in Resources */,
				D3EF1F8A29D2D622008E6C24 /* ic_face_1.svg in Resources */,
				D3D9F85F29CECF3900A4E6A0 /* Assets.xcassets in Resources */,
				D3EF1F8B29D2D622008E6C24 /* ic_face_4.svg in Resources */,
				D3EF1F8929D2D622008E6C24 /* ic_face_3.svg in Resources */,
				D3EF1F8C29D2D622008E6C24 /* ic_face_5.svg in Resources */,
				D35F9DD929D0E3C20001CC68 /* PronosticoTableViewHeaderFooterView.xib in Resources */,
				D3D9F8B329CF905000A4E6A0 /* ic_03d.png in Resources */,
				D3D9F8B129CF905000A4E6A0 /* ic_02d.png in Resources */,
				D3D9F85A29CECF3700A4E6A0 /* Main.storyboard in Resources */,
				D3D9F8A629CF905000A4E6A0 /* ic_50n.png in Resources */,
				D3D9F8A729CF905000A4E6A0 /* ic_09n.png in Resources */,
				D3EF1F9129D2E380008E6C24 /* hologram.json in Resources */,
			);
			runOnlyForDeploymentPostprocessing = 0;
		};
/* End PBXResourcesBuildPhase section */

/* Begin PBXSourcesBuildPhase section */
		D3D9F84B29CECF3700A4E6A0 /* Sources */ = {
			isa = PBXSourcesBuildPhase;
			buildActionMask = 2147483647;
			files = (
				D3D9F88029CF5A1400A4E6A0 /* PronosticoTableViewController.swift in Sources */,
				D3D9F87C29CF555800A4E6A0 /* LocalicadesDataManager.swift in Sources */,
				D3D9F88629CF5B8700A4E6A0 /* WeatherForecastJSON.swift in Sources */,
				D378B82F29CFF69200EFDB08 /* Localidad+CoreDataClass.swift in Sources */,
				D3D9F88E29CF795100A4E6A0 /* LocalidadTableViewCell.swift in Sources */,
				D378B82C29CFEFD000EFDB08 /* PronosticoTableViewCell.swift in Sources */,
				D3D9F87E29CF59EA00A4E6A0 /* LocalidadesTableViewController.swift in Sources */,
				D3EF1F7429D2B3D5008E6C24 /* UpdateDataDelegate.swift in Sources */,
				D3EF1F6E29D24867008E6C24 /* MapSearchViewController.swift in Sources */,
				D3EF1F6429D12F65008E6C24 /* WeatherNowDataManager.swift in Sources */,
				D35F9DDF29D100D10001CC68 /* WeatherNowViewController.swift in Sources */,
				D35F9DD529D09FEE0001CC68 /* ResponseToGetJSONDelegate.swift in Sources */,
				D3D9F88A29CF5D8D00A4E6A0 /* LocalidadDetalleViewController.swift in Sources */,
				D378B83029CFF69200EFDB08 /* Localidad+CoreDataProperties.swift in Sources */,
				D3EF1F6829D1634F008E6C24 /* WeatherPollutionViewController.swift in Sources */,
				D3D9F88429CF5B3B00A4E6A0 /* WeatherPollutionNowJSON.swift in Sources */,
				D3D9F88829CF5BCD00A4E6A0 /* WeatherForecastItem.swift in Sources */,
				D3D9F85329CECF3700A4E6A0 /* AppDelegate.swift in Sources */,
				D3D9F86E29CED5DC00A4E6A0 /* Helper.swift in Sources */,
				D3D9F85D29CECF3700A4E6A0 /* DDM_ProyectoFinal_ONC_IOS.xcdatamodeld in Sources */,
				D3D9F87629CED77700A4E6A0 /* MonitorRed.swift in Sources */,
				D3D9F88229CF5AF400A4E6A0 /* WeatherNowJSON.swift in Sources */,
				D3D9F85529CECF3700A4E6A0 /* SceneDelegate.swift in Sources */,
				D3EF1F6A29D1FC1E008E6C24 /* ListLocalidadesTableViewController.swift in Sources */,
				D3EF1F6629D152CD008E6C24 /* WeatherPollutionDataManager.swift in Sources */,
				D378B83829D0304800EFDB08 /* WeatherForecastDataManager.swift in Sources */,
				D378B83629D00BE300EFDB08 /* ConnectionURL.swift in Sources */,
				D3EF1F6C29D20A45008E6C24 /* ListLocalidadesTableViewCell.swift in Sources */,
			);
			runOnlyForDeploymentPostprocessing = 0;
		};
/* End PBXSourcesBuildPhase section */

/* Begin PBXVariantGroup section */
		D3D9F85829CECF3700A4E6A0 /* Main.storyboard */ = {
			isa = PBXVariantGroup;
			children = (
				D3D9F85929CECF3700A4E6A0 /* Base */,
				D3EF1F9229D2E894008E6C24 /* es-419 */,
				D3EF1F9529D2E8B6008E6C24 /* en */,
			);
			name = Main.storyboard;
			sourceTree = "<group>";
		};
		D3D9F86029CECF3900A4E6A0 /* LaunchScreen.storyboard */ = {
			isa = PBXVariantGroup;
			children = (
				D3D9F86129CECF3900A4E6A0 /* Base */,
				D3EF1F9329D2E894008E6C24 /* es-419 */,
			);
			name = LaunchScreen.storyboard;
			sourceTree = "<group>";
		};
/* End PBXVariantGroup section */

/* Begin XCBuildConfiguration section */
		D3D9F86429CECF3900A4E6A0 /* Debug */ = {
			isa = XCBuildConfiguration;
			buildSettings = {
				ALWAYS_SEARCH_USER_PATHS = NO;
				CLANG_ANALYZER_LOCALIZABILITY_NONLOCALIZED = YES;
				CLANG_ANALYZER_NONNULL = YES;
				CLANG_ANALYZER_NUMBER_OBJECT_CONVERSION = YES_AGGRESSIVE;
				CLANG_CXX_LANGUAGE_STANDARD = "gnu++20";
				CLANG_ENABLE_MODULES = YES;
				CLANG_ENABLE_OBJC_ARC = YES;
				CLANG_ENABLE_OBJC_WEAK = YES;
				CLANG_WARN_BLOCK_CAPTURE_AUTORELEASING = YES;
				CLANG_WARN_BOOL_CONVERSION = YES;
				CLANG_WARN_COMMA = YES;
				CLANG_WARN_CONSTANT_CONVERSION = YES;
				CLANG_WARN_DEPRECATED_OBJC_IMPLEMENTATIONS = YES;
				CLANG_WARN_DIRECT_OBJC_ISA_USAGE = YES_ERROR;
				CLANG_WARN_DOCUMENTATION_COMMENTS = YES;
				CLANG_WARN_EMPTY_BODY = YES;
				CLANG_WARN_ENUM_CONVERSION = YES;
				CLANG_WARN_INFINITE_RECURSION = YES;
				CLANG_WARN_INT_CONVERSION = YES;
				CLANG_WARN_NON_LITERAL_NULL_CONVERSION = YES;
				CLANG_WARN_OBJC_IMPLICIT_RETAIN_SELF = YES;
				CLANG_WARN_OBJC_LITERAL_CONVERSION = YES;
				CLANG_WARN_OBJC_ROOT_CLASS = YES_ERROR;
				CLANG_WARN_QUOTED_INCLUDE_IN_FRAMEWORK_HEADER = YES;
				CLANG_WARN_RANGE_LOOP_ANALYSIS = YES;
				CLANG_WARN_STRICT_PROTOTYPES = YES;
				CLANG_WARN_SUSPICIOUS_MOVE = YES;
				CLANG_WARN_UNGUARDED_AVAILABILITY = YES_AGGRESSIVE;
				CLANG_WARN_UNREACHABLE_CODE = YES;
				CLANG_WARN__DUPLICATE_METHOD_MATCH = YES;
				COPY_PHASE_STRIP = NO;
				DEBUG_INFORMATION_FORMAT = dwarf;
				ENABLE_STRICT_OBJC_MSGSEND = YES;
				ENABLE_TESTABILITY = YES;
				GCC_C_LANGUAGE_STANDARD = gnu11;
				GCC_DYNAMIC_NO_PIC = NO;
				GCC_NO_COMMON_BLOCKS = YES;
				GCC_OPTIMIZATION_LEVEL = 0;
				GCC_PREPROCESSOR_DEFINITIONS = (
					"DEBUG=1",
					"$(inherited)",
				);
				GCC_WARN_64_TO_32_BIT_CONVERSION = YES;
				GCC_WARN_ABOUT_RETURN_TYPE = YES_ERROR;
				GCC_WARN_UNDECLARED_SELECTOR = YES;
				GCC_WARN_UNINITIALIZED_AUTOS = YES_AGGRESSIVE;
				GCC_WARN_UNUSED_FUNCTION = YES;
				GCC_WARN_UNUSED_VARIABLE = YES;
				IPHONEOS_DEPLOYMENT_TARGET = 16.1;
				MTL_ENABLE_DEBUG_INFO = INCLUDE_SOURCE;
				MTL_FAST_MATH = YES;
				ONLY_ACTIVE_ARCH = YES;
				SDKROOT = iphoneos;
				SWIFT_ACTIVE_COMPILATION_CONDITIONS = DEBUG;
				SWIFT_OPTIMIZATION_LEVEL = "-Onone";
			};
			name = Debug;
		};
		D3D9F86529CECF3900A4E6A0 /* Release */ = {
			isa = XCBuildConfiguration;
			buildSettings = {
				ALWAYS_SEARCH_USER_PATHS = NO;
				CLANG_ANALYZER_LOCALIZABILITY_NONLOCALIZED = YES;
				CLANG_ANALYZER_NONNULL = YES;
				CLANG_ANALYZER_NUMBER_OBJECT_CONVERSION = YES_AGGRESSIVE;
				CLANG_CXX_LANGUAGE_STANDARD = "gnu++20";
				CLANG_ENABLE_MODULES = YES;
				CLANG_ENABLE_OBJC_ARC = YES;
				CLANG_ENABLE_OBJC_WEAK = YES;
				CLANG_WARN_BLOCK_CAPTURE_AUTORELEASING = YES;
				CLANG_WARN_BOOL_CONVERSION = YES;
				CLANG_WARN_COMMA = YES;
				CLANG_WARN_CONSTANT_CONVERSION = YES;
				CLANG_WARN_DEPRECATED_OBJC_IMPLEMENTATIONS = YES;
				CLANG_WARN_DIRECT_OBJC_ISA_USAGE = YES_ERROR;
				CLANG_WARN_DOCUMENTATION_COMMENTS = YES;
				CLANG_WARN_EMPTY_BODY = YES;
				CLANG_WARN_ENUM_CONVERSION = YES;
				CLANG_WARN_INFINITE_RECURSION = YES;
				CLANG_WARN_INT_CONVERSION = YES;
				CLANG_WARN_NON_LITERAL_NULL_CONVERSION = YES;
				CLANG_WARN_OBJC_IMPLICIT_RETAIN_SELF = YES;
				CLANG_WARN_OBJC_LITERAL_CONVERSION = YES;
				CLANG_WARN_OBJC_ROOT_CLASS = YES_ERROR;
				CLANG_WARN_QUOTED_INCLUDE_IN_FRAMEWORK_HEADER = YES;
				CLANG_WARN_RANGE_LOOP_ANALYSIS = YES;
				CLANG_WARN_STRICT_PROTOTYPES = YES;
				CLANG_WARN_SUSPICIOUS_MOVE = YES;
				CLANG_WARN_UNGUARDED_AVAILABILITY = YES_AGGRESSIVE;
				CLANG_WARN_UNREACHABLE_CODE = YES;
				CLANG_WARN__DUPLICATE_METHOD_MATCH = YES;
				COPY_PHASE_STRIP = NO;
				DEBUG_INFORMATION_FORMAT = "dwarf-with-dsym";
				ENABLE_NS_ASSERTIONS = NO;
				ENABLE_STRICT_OBJC_MSGSEND = YES;
				GCC_C_LANGUAGE_STANDARD = gnu11;
				GCC_NO_COMMON_BLOCKS = YES;
				GCC_WARN_64_TO_32_BIT_CONVERSION = YES;
				GCC_WARN_ABOUT_RETURN_TYPE = YES_ERROR;
				GCC_WARN_UNDECLARED_SELECTOR = YES;
				GCC_WARN_UNINITIALIZED_AUTOS = YES_AGGRESSIVE;
				GCC_WARN_UNUSED_FUNCTION = YES;
				GCC_WARN_UNUSED_VARIABLE = YES;
				IPHONEOS_DEPLOYMENT_TARGET = 16.1;
				MTL_ENABLE_DEBUG_INFO = NO;
				MTL_FAST_MATH = YES;
				SDKROOT = iphoneos;
				SWIFT_COMPILATION_MODE = wholemodule;
				SWIFT_OPTIMIZATION_LEVEL = "-O";
				VALIDATE_PRODUCT = YES;
			};
			name = Release;
		};
		D3D9F86729CECF3900A4E6A0 /* Debug */ = {
			isa = XCBuildConfiguration;
			buildSettings = {
				ASSETCATALOG_COMPILER_APPICON_NAME = AppIcon;
				ASSETCATALOG_COMPILER_GLOBAL_ACCENT_COLOR_NAME = AccentColor;
				CODE_SIGN_STYLE = Automatic;
				CURRENT_PROJECT_VERSION = 1;
				DEVELOPMENT_TEAM = 4884S82QUG;
				GENERATE_INFOPLIST_FILE = YES;
				INFOPLIST_FILE = DDM_ProyectoFinal_ONC_IOS/Info.plist;
				INFOPLIST_KEY_CFBundleDisplayName = "";
				INFOPLIST_KEY_LSApplicationCategoryType = "";
				INFOPLIST_KEY_NSCameraUsageDescription = "Se empleará la camara para tomar una fotografía de la localidad o buscar una foton en el álbún";
				INFOPLIST_KEY_NSLocationAlwaysAndWhenInUseUsageDescription = "Se empleará la localización para buscar localidades donde se desea encontrar información de clima";
				INFOPLIST_KEY_NSLocationAlwaysUsageDescription = "Se empleará la localización para buscar localidades donde se desea encontrar información de clima";
				INFOPLIST_KEY_UIApplicationSupportsIndirectInputEvents = YES;
				INFOPLIST_KEY_UILaunchStoryboardName = LaunchScreen;
				INFOPLIST_KEY_UIMainStoryboardFile = Main;
				INFOPLIST_KEY_UISupportedInterfaceOrientations = UIInterfaceOrientationPortrait;
				IPHONEOS_DEPLOYMENT_TARGET = 16.0;
				LD_RUNPATH_SEARCH_PATHS = (
					"$(inherited)",
					"@executable_path/Frameworks",
				);
				MARKETING_VERSION = 1.0;
				PRODUCT_BUNDLE_IDENTIFIER = "com.OmarNC.DDM-ProyectoFinal-ONC-IOS";
				PRODUCT_NAME = "$(TARGET_NAME)";
				SWIFT_EMIT_LOC_STRINGS = YES;
				SWIFT_VERSION = 5.0;
				TARGETED_DEVICE_FAMILY = "1,2";
			};
			name = Debug;
		};
		D3D9F86829CECF3900A4E6A0 /* Release */ = {
			isa = XCBuildConfiguration;
			buildSettings = {
				ASSETCATALOG_COMPILER_APPICON_NAME = AppIcon;
				ASSETCATALOG_COMPILER_GLOBAL_ACCENT_COLOR_NAME = AccentColor;
				CODE_SIGN_STYLE = Automatic;
				CURRENT_PROJECT_VERSION = 1;
				DEVELOPMENT_TEAM = 4884S82QUG;
				GENERATE_INFOPLIST_FILE = YES;
				INFOPLIST_FILE = DDM_ProyectoFinal_ONC_IOS/Info.plist;
				INFOPLIST_KEY_CFBundleDisplayName = "";
				INFOPLIST_KEY_LSApplicationCategoryType = "";
				INFOPLIST_KEY_NSCameraUsageDescription = "Se empleará la camara para tomar una fotografía de la localidad o buscar una foton en el álbún";
				INFOPLIST_KEY_NSLocationAlwaysAndWhenInUseUsageDescription = "Se empleará la localización para buscar localidades donde se desea encontrar información de clima";
				INFOPLIST_KEY_NSLocationAlwaysUsageDescription = "Se empleará la localización para buscar localidades donde se desea encontrar información de clima";
				INFOPLIST_KEY_UIApplicationSupportsIndirectInputEvents = YES;
				INFOPLIST_KEY_UILaunchStoryboardName = LaunchScreen;
				INFOPLIST_KEY_UIMainStoryboardFile = Main;
				INFOPLIST_KEY_UISupportedInterfaceOrientations = UIInterfaceOrientationPortrait;
				IPHONEOS_DEPLOYMENT_TARGET = 16.0;
				LD_RUNPATH_SEARCH_PATHS = (
					"$(inherited)",
					"@executable_path/Frameworks",
				);
				MARKETING_VERSION = 1.0;
				PRODUCT_BUNDLE_IDENTIFIER = "com.OmarNC.DDM-ProyectoFinal-ONC-IOS";
				PRODUCT_NAME = "$(TARGET_NAME)";
				SWIFT_EMIT_LOC_STRINGS = YES;
				SWIFT_VERSION = 5.0;
				TARGETED_DEVICE_FAMILY = "1,2";
			};
			name = Release;
		};
/* End XCBuildConfiguration section */

/* Begin XCConfigurationList section */
		D3D9F84A29CECF3700A4E6A0 /* Build configuration list for PBXProject "DDM_ProyectoFinal_ONC_IOS" */ = {
			isa = XCConfigurationList;
			buildConfigurations = (
				D3D9F86429CECF3900A4E6A0 /* Debug */,
				D3D9F86529CECF3900A4E6A0 /* Release */,
			);
			defaultConfigurationIsVisible = 0;
			defaultConfigurationName = Release;
		};
		D3D9F86629CECF3900A4E6A0 /* Build configuration list for PBXNativeTarget "DDM_ProyectoFinal_ONC_IOS" */ = {
			isa = XCConfigurationList;
			buildConfigurations = (
				D3D9F86729CECF3900A4E6A0 /* Debug */,
				D3D9F86829CECF3900A4E6A0 /* Release */,
			);
			defaultConfigurationIsVisible = 0;
			defaultConfigurationName = Release;
		};
/* End XCConfigurationList section */

/* Begin XCRemoteSwiftPackageReference section */
		D3EF1F8D29D2DEE2008E6C24 /* XCRemoteSwiftPackageReference "lottie-spm" */ = {
			isa = XCRemoteSwiftPackageReference;
			repositoryURL = "https://github.com/airbnb/lottie-spm.git";
			requirement = {
				branch = main;
				kind = branch;
			};
		};
/* End XCRemoteSwiftPackageReference section */

/* Begin XCVersionGroup section */
		D3D9F85B29CECF3700A4E6A0 /* DDM_ProyectoFinal_ONC_IOS.xcdatamodeld */ = {
			isa = XCVersionGroup;
			children = (
				D3D9F85C29CECF3700A4E6A0 /* DDM_ProyectoFinal_ONC_IOS.xcdatamodel */,
			);
			currentVersion = D3D9F85C29CECF3700A4E6A0 /* DDM_ProyectoFinal_ONC_IOS.xcdatamodel */;
			path = DDM_ProyectoFinal_ONC_IOS.xcdatamodeld;
			sourceTree = "<group>";
			versionGroupType = wrapper.xcdatamodel;
		};
/* End XCVersionGroup section */
	};
	rootObject = D3D9F84729CECF3700A4E6A0 /* Project object */;
}
